
Microsoft Visual Studio Solution File, Format Version 12.00
# Visual Studio Version 16
VisualStudioVersion = 16.0.31005.135
MinimumVisualStudioVersion = 10.0.40219.1
Project("{FAE04EC0-301F-11D3-BF4B-00C04F79EFBC}") = "CosmosDBResearchApp1", "CosmosDBResearchApp1\CosmosDBResearchApp1.csproj", "{747F46E0-C76F-4C7D-A387-1BCA730FB7E2}"
EndProject
Global
	GlobalSection(SolutionConfigurationPlatforms) = preSolution
		Debug|Any CPU = Debug|Any CPU
		Release|Any CPU = Release|Any CPU
	EndGlobalSection
	GlobalSection(ProjectConfigurationPlatforms) = postSolution
		{747F46E0-C76F-4C7D-A387-1BCA730FB7E2}.Debug|Any CPU.ActiveCfg = Debug|Any CPU
		{747F46E0-C76F-4C7D-A387-1BCA730FB7E2}.Debug|Any CPU.Build.0 = Debug|Any CPU
		{747F46E0-C76F-4C7D-A387-1BCA730FB7E2}.Release|Any CPU.ActiveCfg = Release|Any CPU
		{747F46E0-C76F-4C7D-A387-1BCA730FB7E2}.Release|Any CPU.Build.0 = Release|Any CPU
	EndGlobalSection
	GlobalSection(SolutionProperties) = preSolution
		HideSolutionNode = FALSE
	EndGlobalSection
	GlobalSection(ExtensibilityGlobals) = postSolution
		SolutionGuid = {BDE1AF38-4A17-468B-A04F-190F8930DF87}
	EndGlobalSection
EndGlobal
